{
  "name": "semantic-version-lite",
  "version": "1.0.0",
  "lockfileVersion": 2,
  "requires": true,
  "packages": {
    "": {
      "version": "1.0.0",
      "license": "MIT",
      "devDependencies": {
        "@types/node": "^14.14.20",
        "git-cz": "^4.7.6",
        "typescript": "^4.1.3"
      }
    },
    "node_modules/@types/node": {
      "version": "14.14.20",
      "resolved": "https://registry.npm.taobao.org/@types/node/download/@types/node-14.14.20.tgz",
      "integrity": "sha1-95dIY+3SHR+KSUpz6OKzZYYVw0A=",
      "dev": true
    },
    "node_modules/git-cz": {
      "version": "4.7.6",
      "resolved": "https://registry.npm.taobao.org/git-cz/download/git-cz-4.7.6.tgz",
      "integrity": "sha1-ElDEhvAXJOgBpjC4SP2HhvfmfpA=",
      "dev": true,
      "bin": {
        "git-cz": "bin/git-cz.js",
        "gitcz": "bin/git-cz.js"
      }
    },
    "node_modules/typescript": {
      "version": "4.1.3",
      "resolved": "https://registry.npm.taobao.org/typescript/download/typescript-4.1.3.tgz?cache=0&sync_timestamp=1610005110266&other_urls=https%3A%2F%2Fregistry.npm.taobao.org%2Ftypescript%2Fdownload%2Ftypescript-4.1.3.tgz",
      "integrity": "sha1-UZ1YK9lMugz4k0x9joRn5HP1O7c=",
      "dev": true,
      "bin": {
        "tsc": "bin/tsc",
        "tsserver": "bin/tsserver"
      },
      "engines": {
        "node": ">=4.2.0"
      }
    }
  },
  "dependencies": {
    "@types/node": {
      "version": "14.14.20",
      "resolved": "https://registry.npm.taobao.org/@types/node/download/@types/node-14.14.20.tgz",
      "integrity": "sha1-95dIY+3SHR+KSUpz6OKzZYYVw0A=",
      "dev": true
    },
    "git-cz": {
      "version": "4.7.6",
      "resolved": "https://registry.npm.taobao.org/git-cz/download/git-cz-4.7.6.tgz",
      "integrity": "sha1-ElDEhvAXJOgBpjC4SP2HhvfmfpA=",
      "dev": true
    },
    "typescript": {
      "version": "4.1.3",
      "resolved": "https://registry.npm.taobao.org/typescript/download/typescript-4.1.3.tgz?cache=0&sync_timestamp=1610005110266&other_urls=https%3A%2F%2Fregistry.npm.taobao.org%2Ftypescript%2Fdownload%2Ftypescript-4.1.3.tgz",
      "integrity": "sha1-UZ1YK9lMugz4k0x9joRn5HP1O7c=",
      "dev": true
    }
  }
}
